{
  "name": "fianlexam",
  "version": "1.0.0",
  "lockfileVersion": 1,
  "requires": true,
  "dependencies": {
    "@types/file-saver": {
      "version": "2.0.0",
      "resolved": "https://registry.npmjs.org/@types/file-saver/-/file-saver-2.0.0.tgz",
      "integrity": "sha512-dxdRrUov2HVTbSRFX+7xwUPlbGYVEZK6PrSqClg2QPos3PNe0bCajkDDkDeeC1znjSH03KOEqVbXpnJuWa2wgQ==",
      "dev": true
    },
    "file-saver": {
      "version": "2.0.0",
      "resolved": "https://registry.npmjs.org/file-saver/-/file-saver-2.0.0.tgz",
      "integrity": "sha512-cYM1ic5DAkg25pHKgi5f10ziAM7RJU37gaH1XQlyNDrtUnzhC/dfoV9zf2OmF0RMKi42jG5B0JWBnPQqyj/G6g=="
    },
    "screenfull": {
      "version": "3.3.3",
      "resolved": "https://registry.npmjs.org/screenfull/-/screenfull-3.3.3.tgz",
      "integrity": "sha512-DzYUuXr+OV2BDvYXaYzlYgJd4WXZZ2CW5NFC7Kw6TUCpzXJAx4MwlVD6CH+Mu6fi8rfAQIQfqdFZ4jtDsEkWig=="
    }
  }
}
